
Microsoft Visual Studio Solution File, Format Version 12.00
# Visual Studio 15
VisualStudioVersion = 15.0.27130.2027
MinimumVisualStudioVersion = 10.0.40219.1
Project("{8BC9CEB8-8B4A-11D0-8D11-00A0C91BC942}") = "Lab 6 (STL Cont.)", "Lab 6 (STL Cont.)\Lab 6 (STL Cont.).vcxproj", "{8EA531CC-8A81-45E5-A6FC-F57D60E8CDE0}"
EndProject
Global
	GlobalSection(SolutionConfigurationPlatforms) = preSolution
		Debug|x64 = Debug|x64
		Debug|x86 = Debug|x86
		Release|x64 = Release|x64
		Release|x86 = Release|x86
	EndGlobalSection
	GlobalSection(ProjectConfigurationPlatforms) = postSolution
		{8EA531CC-8A81-45E5-A6FC-F57D60E8CDE0}.Debug|x64.ActiveCfg = Debug|x64
		{8EA531CC-8A81-45E5-A6FC-F57D60E8CDE0}.Debug|x64.Build.0 = Debug|x64
		{8EA531CC-8A81-45E5-A6FC-F57D60E8CDE0}.Debug|x86.ActiveCfg = Debug|Win32
		{8EA531CC-8A81-45E5-A6FC-F57D60E8CDE0}.Debug|x86.Build.0 = Debug|Win32
		{8EA531CC-8A81-45E5-A6FC-F57D60E8CDE0}.Release|x64.ActiveCfg = Release|x64
		{8EA531CC-8A81-45E5-A6FC-F57D60E8CDE0}.Release|x64.Build.0 = Release|x64
		{8EA531CC-8A81-45E5-A6FC-F57D60E8CDE0}.Release|x86.ActiveCfg = Release|Win32
		{8EA531CC-8A81-45E5-A6FC-F57D60E8CDE0}.Release|x86.Build.0 = Release|Win32
	EndGlobalSection
	GlobalSection(SolutionProperties) = preSolution
		HideSolutionNode = FALSE
	EndGlobalSection
	GlobalSection(ExtensibilityGlobals) = postSolution
		SolutionGuid = {0FB6982B-0695-4EDB-A660-CE5583AA1DEA}
	EndGlobalSection
EndGlobal
