
Microsoft Visual Studio Solution File, Format Version 12.00
# Visual Studio 15
VisualStudioVersion = 15.0.28010.2046
MinimumVisualStudioVersion = 10.0.40219.1
Project("{8BC9CEB8-8B4A-11D0-8D11-00A0C91BC942}") = "Lab 8 (Smart Pointers)", "Lab 8 (Smart Pointers)\Lab 8 (Smart Pointers).vcxproj", "{F0385E93-1132-4FD6-A039-74D2897ECDDA}"
EndProject
Global
	GlobalSection(SolutionConfigurationPlatforms) = preSolution
		Debug|x64 = Debug|x64
		Debug|x86 = Debug|x86
		Release|x64 = Release|x64
		Release|x86 = Release|x86
	EndGlobalSection
	GlobalSection(ProjectConfigurationPlatforms) = postSolution
		{F0385E93-1132-4FD6-A039-74D2897ECDDA}.Debug|x64.ActiveCfg = Debug|x64
		{F0385E93-1132-4FD6-A039-74D2897ECDDA}.Debug|x64.Build.0 = Debug|x64
		{F0385E93-1132-4FD6-A039-74D2897ECDDA}.Debug|x86.ActiveCfg = Debug|Win32
		{F0385E93-1132-4FD6-A039-74D2897ECDDA}.Debug|x86.Build.0 = Debug|Win32
		{F0385E93-1132-4FD6-A039-74D2897ECDDA}.Release|x64.ActiveCfg = Release|x64
		{F0385E93-1132-4FD6-A039-74D2897ECDDA}.Release|x64.Build.0 = Release|x64
		{F0385E93-1132-4FD6-A039-74D2897ECDDA}.Release|x86.ActiveCfg = Release|Win32
		{F0385E93-1132-4FD6-A039-74D2897ECDDA}.Release|x86.Build.0 = Release|Win32
	EndGlobalSection
	GlobalSection(SolutionProperties) = preSolution
		HideSolutionNode = FALSE
	EndGlobalSection
	GlobalSection(ExtensibilityGlobals) = postSolution
		SolutionGuid = {F6A10152-FC3B-447F-9ED0-C23AE554366E}
	EndGlobalSection
EndGlobal
