
Microsoft Visual Studio Solution File, Format Version 12.00
# Visual Studio 15
VisualStudioVersion = 15.0.27130.2027
MinimumVisualStudioVersion = 10.0.40219.1
Project("{8BC9CEB8-8B4A-11D0-8D11-00A0C91BC942}") = "Lab 6 (STL Container) REDO", "Lab 6 (STL Container) REDO\Lab 6 (STL Container) REDO.vcxproj", "{4182C5E8-64C6-4C3B-8C71-712D4EAC1853}"
EndProject
Global
	GlobalSection(SolutionConfigurationPlatforms) = preSolution
		Debug|x64 = Debug|x64
		Debug|x86 = Debug|x86
		Release|x64 = Release|x64
		Release|x86 = Release|x86
	EndGlobalSection
	GlobalSection(ProjectConfigurationPlatforms) = postSolution
		{4182C5E8-64C6-4C3B-8C71-712D4EAC1853}.Debug|x64.ActiveCfg = Debug|x64
		{4182C5E8-64C6-4C3B-8C71-712D4EAC1853}.Debug|x64.Build.0 = Debug|x64
		{4182C5E8-64C6-4C3B-8C71-712D4EAC1853}.Debug|x86.ActiveCfg = Debug|Win32
		{4182C5E8-64C6-4C3B-8C71-712D4EAC1853}.Debug|x86.Build.0 = Debug|Win32
		{4182C5E8-64C6-4C3B-8C71-712D4EAC1853}.Release|x64.ActiveCfg = Release|x64
		{4182C5E8-64C6-4C3B-8C71-712D4EAC1853}.Release|x64.Build.0 = Release|x64
		{4182C5E8-64C6-4C3B-8C71-712D4EAC1853}.Release|x86.ActiveCfg = Release|Win32
		{4182C5E8-64C6-4C3B-8C71-712D4EAC1853}.Release|x86.Build.0 = Release|Win32
	EndGlobalSection
	GlobalSection(SolutionProperties) = preSolution
		HideSolutionNode = FALSE
	EndGlobalSection
	GlobalSection(ExtensibilityGlobals) = postSolution
		SolutionGuid = {C0082F70-1A16-48F6-9C2A-422DCE3C916C}
	EndGlobalSection
EndGlobal
